
Microsoft Visual Studio Solution File, Format Version 12.00
# Visual Studio Version 17
VisualStudioVersion = 17.6.33815.320
MinimumVisualStudioVersion = 10.0.40219.1
Project("{FAE04EC0-301F-11D3-BF4B-00C04F79EFBC}") = "AsyncProgramming", "AsyncProgramming\AsyncProgramming.csproj", "{38CA0240-C06C-4DCA-80AF-5DD2357FAB78}"
EndProject
Global
	GlobalSection(SolutionConfigurationPlatforms) = preSolution
		Debug|Any CPU = Debug|Any CPU
		Release|Any CPU = Release|Any CPU
	EndGlobalSection
	GlobalSection(ProjectConfigurationPlatforms) = postSolution
		{38CA0240-C06C-4DCA-80AF-5DD2357FAB78}.Debug|Any CPU.ActiveCfg = Debug|Any CPU
		{38CA0240-C06C-4DCA-80AF-5DD2357FAB78}.Debug|Any CPU.Build.0 = Debug|Any CPU
		{38CA0240-C06C-4DCA-80AF-5DD2357FAB78}.Release|Any CPU.ActiveCfg = Release|Any CPU
		{38CA0240-C06C-4DCA-80AF-5DD2357FAB78}.Release|Any CPU.Build.0 = Release|Any CPU
	EndGlobalSection
	GlobalSection(SolutionProperties) = preSolution
		HideSolutionNode = FALSE
	EndGlobalSection
	GlobalSection(ExtensibilityGlobals) = postSolution
		SolutionGuid = {980BB5B2-6AB4-45C9-865E-D631E84857B4}
	EndGlobalSection
EndGlobal
